
Microsoft Visual Studio Solution File, Format Version 12.00
# Visual Studio Version 17
VisualStudioVersion = 17.5.002.0
MinimumVisualStudioVersion = 10.0.40219.1
Project("{9A19103F-16F7-4668-BE54-9A1E7A4F7556}") = "GodotSharpExtras.SourceGenerators", "GodotSharpExtras.SourceGenerators.csproj", "{A468BD7F-789A-4E25-9B70-D93B0017DC0D}"
EndProject
Global
	GlobalSection(SolutionConfigurationPlatforms) = preSolution
		Debug|Any CPU = Debug|Any CPU
		Release|Any CPU = Release|Any CPU
	EndGlobalSection
	GlobalSection(ProjectConfigurationPlatforms) = postSolution
		{A468BD7F-789A-4E25-9B70-D93B0017DC0D}.Debug|Any CPU.ActiveCfg = Debug|Any CPU
		{A468BD7F-789A-4E25-9B70-D93B0017DC0D}.Debug|Any CPU.Build.0 = Debug|Any CPU
		{A468BD7F-789A-4E25-9B70-D93B0017DC0D}.Release|Any CPU.ActiveCfg = Release|Any CPU
		{A468BD7F-789A-4E25-9B70-D93B0017DC0D}.Release|Any CPU.Build.0 = Release|Any CPU
	EndGlobalSection
	GlobalSection(SolutionProperties) = preSolution
		HideSolutionNode = FALSE
	EndGlobalSection
	GlobalSection(ExtensibilityGlobals) = postSolution
		SolutionGuid = {EF1E15AB-0CD1-4BCF-98E4-EF8C5C1557D3}
	EndGlobalSection
EndGlobal
